
Microsoft Visual Studio Solution File, Format Version 12.00
# Visual Studio Version 17
VisualStudioVersion = 17.10.35004.147
MinimumVisualStudioVersion = 10.0.40219.1
Project("{FAE04EC0-301F-11D3-BF4B-00C04F79EFBC}") = "zanadie4", "zanadie4.csproj", "{DF6AB27E-B5BE-40EA-BEBC-78C62D3706F3}"
EndProject
Global
	GlobalSection(SolutionConfigurationPlatforms) = preSolution
		Debug|Any CPU = Debug|Any CPU
		Release|Any CPU = Release|Any CPU
	EndGlobalSection
	GlobalSection(ProjectConfigurationPlatforms) = postSolution
		{DF6AB27E-B5BE-40EA-BEBC-78C62D3706F3}.Debug|Any CPU.ActiveCfg = Debug|Any CPU
		{DF6AB27E-B5BE-40EA-BEBC-78C62D3706F3}.Debug|Any CPU.Build.0 = Debug|Any CPU
		{DF6AB27E-B5BE-40EA-BEBC-78C62D3706F3}.Release|Any CPU.ActiveCfg = Release|Any CPU
		{DF6AB27E-B5BE-40EA-BEBC-78C62D3706F3}.Release|Any CPU.Build.0 = Release|Any CPU
	EndGlobalSection
	GlobalSection(SolutionProperties) = preSolution
		HideSolutionNode = FALSE
	EndGlobalSection
	GlobalSection(ExtensibilityGlobals) = postSolution
		SolutionGuid = {EB348755-5159-4D29-9FE0-C00027E96593}
	EndGlobalSection
EndGlobal
